
Microsoft Visual Studio Solution File, Format Version 12.00
# Visual Studio 15
VisualStudioVersion = 15.0.27130.2010
MinimumVisualStudioVersion = 10.0.40219.1
Project("{2150E333-8FDC-42A3-9474-1A3956D46DE8}") = "Services", "Services", "{C68AED70-B528-40F6-9261-4214DDEB7A5A}"
EndProject
Project("{2150E333-8FDC-42A3-9474-1A3956D46DE8}") = "Components", "Components", "{737C7723-2D4F-41BE-AF71-6BA99C1DF576}"
EndProject
Project("{2150E333-8FDC-42A3-9474-1A3956D46DE8}") = "Test", "Test", "{6C0D5DD6-6C63-4FC2-A8E1-514DC57E68D7}"
EndProject
Project("{2150E333-8FDC-42A3-9474-1A3956D46DE8}") = "ServiceCenter(use spring cloud)", "ServiceCenter(use spring cloud)", "{CD9EBCE9-0C26-44AE-B271-F0DA6DD8C404}"
EndProject
Project("{2150E333-8FDC-42A3-9474-1A3956D46DE8}") = "Project", "Project", "{487DA22D-4BFE-48AF-B823-B3A80EC0D477}"
EndProject
Project("{2150E333-8FDC-42A3-9474-1A3956D46DE8}") = "Apps", "Apps", "{487751A7-9C58-43B4-B2FC-26A8AB7554B6}"
EndProject
Project("{2150E333-8FDC-42A3-9474-1A3956D46DE8}") = "APIGateway(use spring cloud)", "APIGateway(use spring cloud)", "{0C28F01B-6D83-43E9-8888-D1323787C8A8}"
EndProject
Project("{9A19103F-16F7-4668-BE54-9A1E7A4F7556}") = "MicroTask.Project", "MicroTask.Project\MicroTask.Project.csproj", "{E3561102-2BD9-4AA0-B521-EA54E7DC7CE1}"
EndProject
Project("{E53339B2-1760-4266-BCC7-CA923CBCF16C}") = "docker-compose", "docker-compose.dcproj", "{8A1F5BC5-83DD-4932-9054-A98C4811DEF1}"
EndProject
Project("{2150E333-8FDC-42A3-9474-1A3956D46DE8}") = "AuthServer", "AuthServer", "{0E1B0081-E39E-49B3-9F68-1ED312086669}"
EndProject
Project("{2150E333-8FDC-42A3-9474-1A3956D46DE8}") = "Console", "Console", "{2CB3523F-5745-49AB-BDAF-09D4DEF576C2}"
EndProject
Project("{2150E333-8FDC-42A3-9474-1A3956D46DE8}") = "Web", "Web", "{3C85AFD3-F45D-4121-9772-F0841C96DCC2}"
EndProject
Project("{9A19103F-16F7-4668-BE54-9A1E7A4F7556}") = "IdentityClientDemo", "IdentityClientDemo\IdentityClientDemo.csproj", "{C7F83B6F-46CB-43B1-8EEC-E4E4B5715CC5}"
EndProject
Project("{2150E333-8FDC-42A3-9474-1A3956D46DE8}") = "Commons", "Commons", "{63F07FBC-7ED6-4C9F-A192-9701C6FBE4A0}"
EndProject
Project("{9A19103F-16F7-4668-BE54-9A1E7A4F7556}") = "Common", "Common\Common.csproj", "{0CFC4D42-047B-4FB1-8AE3-8C3B9E0D5D7F}"
EndProject
Project("{9A19103F-16F7-4668-BE54-9A1E7A4F7556}") = "Identity", "MicroTask.AuthServer\Identity.csproj", "{E0DEC449-2FDF-46E3-966C-6BA5082DCC62}"
EndProject
Project("{9A19103F-16F7-4668-BE54-9A1E7A4F7556}") = "Camoran.Redis", "Camoran.Redis\Camoran.Redis\Camoran.Redis.csproj", "{8C5FBB47-B0CE-46EA-A6AC-B76937D220F0}"
EndProject
Project("{2150E333-8FDC-42A3-9474-1A3956D46DE8}") = "Task", "Task", "{25BC6C09-4CCF-47F7-9C33-31E6F2937026}"
EndProject
Global
	GlobalSection(SolutionConfigurationPlatforms) = preSolution
		Debug|Any CPU = Debug|Any CPU
		Release|Any CPU = Release|Any CPU
	EndGlobalSection
	GlobalSection(ProjectConfigurationPlatforms) = postSolution
		{E3561102-2BD9-4AA0-B521-EA54E7DC7CE1}.Debug|Any CPU.ActiveCfg = Debug|Any CPU
		{E3561102-2BD9-4AA0-B521-EA54E7DC7CE1}.Debug|Any CPU.Build.0 = Debug|Any CPU
		{E3561102-2BD9-4AA0-B521-EA54E7DC7CE1}.Release|Any CPU.ActiveCfg = Release|Any CPU
		{E3561102-2BD9-4AA0-B521-EA54E7DC7CE1}.Release|Any CPU.Build.0 = Release|Any CPU
		{8A1F5BC5-83DD-4932-9054-A98C4811DEF1}.Debug|Any CPU.ActiveCfg = Debug|Any CPU
		{8A1F5BC5-83DD-4932-9054-A98C4811DEF1}.Debug|Any CPU.Build.0 = Debug|Any CPU
		{8A1F5BC5-83DD-4932-9054-A98C4811DEF1}.Release|Any CPU.ActiveCfg = Release|Any CPU
		{8A1F5BC5-83DD-4932-9054-A98C4811DEF1}.Release|Any CPU.Build.0 = Release|Any CPU
		{C7F83B6F-46CB-43B1-8EEC-E4E4B5715CC5}.Debug|Any CPU.ActiveCfg = Debug|Any CPU
		{C7F83B6F-46CB-43B1-8EEC-E4E4B5715CC5}.Debug|Any CPU.Build.0 = Debug|Any CPU
		{C7F83B6F-46CB-43B1-8EEC-E4E4B5715CC5}.Release|Any CPU.ActiveCfg = Release|Any CPU
		{C7F83B6F-46CB-43B1-8EEC-E4E4B5715CC5}.Release|Any CPU.Build.0 = Release|Any CPU
		{0CFC4D42-047B-4FB1-8AE3-8C3B9E0D5D7F}.Debug|Any CPU.ActiveCfg = Debug|Any CPU
		{0CFC4D42-047B-4FB1-8AE3-8C3B9E0D5D7F}.Debug|Any CPU.Build.0 = Debug|Any CPU
		{0CFC4D42-047B-4FB1-8AE3-8C3B9E0D5D7F}.Release|Any CPU.ActiveCfg = Release|Any CPU
		{0CFC4D42-047B-4FB1-8AE3-8C3B9E0D5D7F}.Release|Any CPU.Build.0 = Release|Any CPU
		{E0DEC449-2FDF-46E3-966C-6BA5082DCC62}.Debug|Any CPU.ActiveCfg = Debug|Any CPU
		{E0DEC449-2FDF-46E3-966C-6BA5082DCC62}.Debug|Any CPU.Build.0 = Debug|Any CPU
		{E0DEC449-2FDF-46E3-966C-6BA5082DCC62}.Release|Any CPU.ActiveCfg = Release|Any CPU
		{E0DEC449-2FDF-46E3-966C-6BA5082DCC62}.Release|Any CPU.Build.0 = Release|Any CPU
		{8C5FBB47-B0CE-46EA-A6AC-B76937D220F0}.Debug|Any CPU.ActiveCfg = Debug|Any CPU
		{8C5FBB47-B0CE-46EA-A6AC-B76937D220F0}.Debug|Any CPU.Build.0 = Debug|Any CPU
		{8C5FBB47-B0CE-46EA-A6AC-B76937D220F0}.Release|Any CPU.ActiveCfg = Release|Any CPU
		{8C5FBB47-B0CE-46EA-A6AC-B76937D220F0}.Release|Any CPU.Build.0 = Release|Any CPU
	EndGlobalSection
	GlobalSection(SolutionProperties) = preSolution
		HideSolutionNode = FALSE
	EndGlobalSection
	GlobalSection(NestedProjects) = preSolution
		{CD9EBCE9-0C26-44AE-B271-F0DA6DD8C404} = {737C7723-2D4F-41BE-AF71-6BA99C1DF576}
		{487DA22D-4BFE-48AF-B823-B3A80EC0D477} = {C68AED70-B528-40F6-9261-4214DDEB7A5A}
		{0C28F01B-6D83-43E9-8888-D1323787C8A8} = {737C7723-2D4F-41BE-AF71-6BA99C1DF576}
		{E3561102-2BD9-4AA0-B521-EA54E7DC7CE1} = {487DA22D-4BFE-48AF-B823-B3A80EC0D477}
		{0E1B0081-E39E-49B3-9F68-1ED312086669} = {737C7723-2D4F-41BE-AF71-6BA99C1DF576}
		{2CB3523F-5745-49AB-BDAF-09D4DEF576C2} = {487751A7-9C58-43B4-B2FC-26A8AB7554B6}
		{3C85AFD3-F45D-4121-9772-F0841C96DCC2} = {487751A7-9C58-43B4-B2FC-26A8AB7554B6}
		{C7F83B6F-46CB-43B1-8EEC-E4E4B5715CC5} = {2CB3523F-5745-49AB-BDAF-09D4DEF576C2}
		{0CFC4D42-047B-4FB1-8AE3-8C3B9E0D5D7F} = {63F07FBC-7ED6-4C9F-A192-9701C6FBE4A0}
		{E0DEC449-2FDF-46E3-966C-6BA5082DCC62} = {0E1B0081-E39E-49B3-9F68-1ED312086669}
		{8C5FBB47-B0CE-46EA-A6AC-B76937D220F0} = {63F07FBC-7ED6-4C9F-A192-9701C6FBE4A0}
		{25BC6C09-4CCF-47F7-9C33-31E6F2937026} = {C68AED70-B528-40F6-9261-4214DDEB7A5A}
	EndGlobalSection
	GlobalSection(ExtensibilityGlobals) = postSolution
		SolutionGuid = {D25FC949-0FC1-48C7-BCFD-D8DD40AD27BB}
	EndGlobalSection
EndGlobal
