
Microsoft Visual Studio Solution File, Format Version 12.00
# Visual Studio 15
VisualStudioVersion = 15.0.27130.2010
MinimumVisualStudioVersion = 10.0.40219.1
Project("{2150E333-8FDC-42A3-9474-1A3956D46DE8}") = "Services", "Services", "{C68AED70-B528-40F6-9261-4214DDEB7A5A}"
EndProject
Project("{2150E333-8FDC-42A3-9474-1A3956D46DE8}") = "Components", "Components", "{737C7723-2D4F-41BE-AF71-6BA99C1DF576}"
EndProject
Project("{2150E333-8FDC-42A3-9474-1A3956D46DE8}") = "EventBus", "EventBus", "{28708EF4-8DD0-4FF9-96CE-489AB47A1696}"
EndProject
Project("{2150E333-8FDC-42A3-9474-1A3956D46DE8}") = "HealthCheck", "HealthCheck", "{FFA22D74-4802-4050-BBC7-BAEE70B7488D}"
EndProject
Project("{9A19103F-16F7-4668-BE54-9A1E7A4F7556}") = "MicroTask.HealthCheck", "MicroTask.HealthCheck\MicroTask.HealthCheck.csproj", "{E626369F-6BE7-4184-9890-E6EBBEC57ED6}"
EndProject
Project("{2150E333-8FDC-42A3-9474-1A3956D46DE8}") = "Test", "Test", "{6C0D5DD6-6C63-4FC2-A8E1-514DC57E68D7}"
EndProject
Project("{2150E333-8FDC-42A3-9474-1A3956D46DE8}") = "ServiceCenter", "ServiceCenter", "{CD9EBCE9-0C26-44AE-B271-F0DA6DD8C404}"
EndProject
Project("{2150E333-8FDC-42A3-9474-1A3956D46DE8}") = "Project", "Project", "{487DA22D-4BFE-48AF-B823-B3A80EC0D477}"
EndProject
Project("{2150E333-8FDC-42A3-9474-1A3956D46DE8}") = "Task", "Task", "{C990E6A2-32DD-42A2-AE0B-4F24C50C70E6}"
EndProject
Project("{2150E333-8FDC-42A3-9474-1A3956D46DE8}") = "Resource", "Resource", "{F714F13B-0237-4C33-B9BC-01117D0BE76B}"
EndProject
Project("{2150E333-8FDC-42A3-9474-1A3956D46DE8}") = "WorkJournal", "WorkJournal", "{D9B90C7A-778D-48EE-8B5B-AE2F48204BFB}"
EndProject
Project("{2150E333-8FDC-42A3-9474-1A3956D46DE8}") = "Apps", "Apps", "{487751A7-9C58-43B4-B2FC-26A8AB7554B6}"
EndProject
Project("{2150E333-8FDC-42A3-9474-1A3956D46DE8}") = "APIGateway", "APIGateway", "{0C28F01B-6D83-43E9-8888-D1323787C8A8}"
EndProject
Project("{9A19103F-16F7-4668-BE54-9A1E7A4F7556}") = "MicroTask.Gateway", "MicroTask.Gateway\MicroTask.Gateway.csproj", "{D7092A87-3C9D-46C5-8E6F-972FD5499854}"
EndProject
Project("{9A19103F-16F7-4668-BE54-9A1E7A4F7556}") = "MicroTask.Project", "MicroTask.Project\MicroTask.Project.csproj", "{E3561102-2BD9-4AA0-B521-EA54E7DC7CE1}"
EndProject
Project("{E53339B2-1760-4266-BCC7-CA923CBCF16C}") = "docker-compose", "docker-compose.dcproj", "{8A1F5BC5-83DD-4932-9054-A98C4811DEF1}"
EndProject
Project("{9A19103F-16F7-4668-BE54-9A1E7A4F7556}") = "MicroTask.Task", "..\MicroTask.Task\MicroTask.Task.csproj", "{B6CB2C4B-5320-4DE3-A76B-A45F0B19B9BE}"
EndProject
Project("{9A19103F-16F7-4668-BE54-9A1E7A4F7556}") = "MicroTask.WorkJournal", "MicroTask.WorkJournal\MicroTask.WorkJournal.csproj", "{B2F390A3-086B-4CF3-B51C-DACF64F47EF1}"
EndProject
Project("{2150E333-8FDC-42A3-9474-1A3956D46DE8}") = "AuthServer", "AuthServer", "{0E1B0081-E39E-49B3-9F68-1ED312086669}"
EndProject
Project("{FAE04EC0-301F-11D3-BF4B-00C04F79EFBC}") = "MicroTask.IdentityAuthServer", "..\MicroTask.IdentityAuthServer\MicroTask.IdentityAuthServer.csproj", "{DD7D528F-8302-447E-97C8-AA82972FEBFF}"
EndProject
Global
	GlobalSection(SolutionConfigurationPlatforms) = preSolution
		Debug|Any CPU = Debug|Any CPU
		Release|Any CPU = Release|Any CPU
	EndGlobalSection
	GlobalSection(ProjectConfigurationPlatforms) = postSolution
		{E626369F-6BE7-4184-9890-E6EBBEC57ED6}.Debug|Any CPU.ActiveCfg = Debug|Any CPU
		{E626369F-6BE7-4184-9890-E6EBBEC57ED6}.Debug|Any CPU.Build.0 = Debug|Any CPU
		{E626369F-6BE7-4184-9890-E6EBBEC57ED6}.Release|Any CPU.ActiveCfg = Release|Any CPU
		{E626369F-6BE7-4184-9890-E6EBBEC57ED6}.Release|Any CPU.Build.0 = Release|Any CPU
		{D7092A87-3C9D-46C5-8E6F-972FD5499854}.Debug|Any CPU.ActiveCfg = Debug|Any CPU
		{D7092A87-3C9D-46C5-8E6F-972FD5499854}.Debug|Any CPU.Build.0 = Debug|Any CPU
		{D7092A87-3C9D-46C5-8E6F-972FD5499854}.Release|Any CPU.ActiveCfg = Release|Any CPU
		{D7092A87-3C9D-46C5-8E6F-972FD5499854}.Release|Any CPU.Build.0 = Release|Any CPU
		{E3561102-2BD9-4AA0-B521-EA54E7DC7CE1}.Debug|Any CPU.ActiveCfg = Debug|Any CPU
		{E3561102-2BD9-4AA0-B521-EA54E7DC7CE1}.Debug|Any CPU.Build.0 = Debug|Any CPU
		{E3561102-2BD9-4AA0-B521-EA54E7DC7CE1}.Release|Any CPU.ActiveCfg = Release|Any CPU
		{E3561102-2BD9-4AA0-B521-EA54E7DC7CE1}.Release|Any CPU.Build.0 = Release|Any CPU
		{8A1F5BC5-83DD-4932-9054-A98C4811DEF1}.Debug|Any CPU.ActiveCfg = Debug|Any CPU
		{8A1F5BC5-83DD-4932-9054-A98C4811DEF1}.Debug|Any CPU.Build.0 = Debug|Any CPU
		{8A1F5BC5-83DD-4932-9054-A98C4811DEF1}.Release|Any CPU.ActiveCfg = Release|Any CPU
		{8A1F5BC5-83DD-4932-9054-A98C4811DEF1}.Release|Any CPU.Build.0 = Release|Any CPU
		{B6CB2C4B-5320-4DE3-A76B-A45F0B19B9BE}.Debug|Any CPU.ActiveCfg = Debug|Any CPU
		{B6CB2C4B-5320-4DE3-A76B-A45F0B19B9BE}.Debug|Any CPU.Build.0 = Debug|Any CPU
		{B6CB2C4B-5320-4DE3-A76B-A45F0B19B9BE}.Release|Any CPU.ActiveCfg = Release|Any CPU
		{B6CB2C4B-5320-4DE3-A76B-A45F0B19B9BE}.Release|Any CPU.Build.0 = Release|Any CPU
		{B2F390A3-086B-4CF3-B51C-DACF64F47EF1}.Debug|Any CPU.ActiveCfg = Debug|Any CPU
		{B2F390A3-086B-4CF3-B51C-DACF64F47EF1}.Debug|Any CPU.Build.0 = Debug|Any CPU
		{B2F390A3-086B-4CF3-B51C-DACF64F47EF1}.Release|Any CPU.ActiveCfg = Release|Any CPU
		{B2F390A3-086B-4CF3-B51C-DACF64F47EF1}.Release|Any CPU.Build.0 = Release|Any CPU
		{DD7D528F-8302-447E-97C8-AA82972FEBFF}.Debug|Any CPU.ActiveCfg = Debug|Any CPU
		{DD7D528F-8302-447E-97C8-AA82972FEBFF}.Debug|Any CPU.Build.0 = Debug|Any CPU
		{DD7D528F-8302-447E-97C8-AA82972FEBFF}.Release|Any CPU.ActiveCfg = Release|Any CPU
		{DD7D528F-8302-447E-97C8-AA82972FEBFF}.Release|Any CPU.Build.0 = Release|Any CPU
	EndGlobalSection
	GlobalSection(SolutionProperties) = preSolution
		HideSolutionNode = FALSE
	EndGlobalSection
	GlobalSection(NestedProjects) = preSolution
		{28708EF4-8DD0-4FF9-96CE-489AB47A1696} = {737C7723-2D4F-41BE-AF71-6BA99C1DF576}
		{FFA22D74-4802-4050-BBC7-BAEE70B7488D} = {737C7723-2D4F-41BE-AF71-6BA99C1DF576}
		{E626369F-6BE7-4184-9890-E6EBBEC57ED6} = {FFA22D74-4802-4050-BBC7-BAEE70B7488D}
		{CD9EBCE9-0C26-44AE-B271-F0DA6DD8C404} = {737C7723-2D4F-41BE-AF71-6BA99C1DF576}
		{487DA22D-4BFE-48AF-B823-B3A80EC0D477} = {C68AED70-B528-40F6-9261-4214DDEB7A5A}
		{C990E6A2-32DD-42A2-AE0B-4F24C50C70E6} = {C68AED70-B528-40F6-9261-4214DDEB7A5A}
		{F714F13B-0237-4C33-B9BC-01117D0BE76B} = {C68AED70-B528-40F6-9261-4214DDEB7A5A}
		{D9B90C7A-778D-48EE-8B5B-AE2F48204BFB} = {C68AED70-B528-40F6-9261-4214DDEB7A5A}
		{0C28F01B-6D83-43E9-8888-D1323787C8A8} = {737C7723-2D4F-41BE-AF71-6BA99C1DF576}
		{D7092A87-3C9D-46C5-8E6F-972FD5499854} = {0C28F01B-6D83-43E9-8888-D1323787C8A8}
		{E3561102-2BD9-4AA0-B521-EA54E7DC7CE1} = {487DA22D-4BFE-48AF-B823-B3A80EC0D477}
		{B6CB2C4B-5320-4DE3-A76B-A45F0B19B9BE} = {C990E6A2-32DD-42A2-AE0B-4F24C50C70E6}
		{B2F390A3-086B-4CF3-B51C-DACF64F47EF1} = {D9B90C7A-778D-48EE-8B5B-AE2F48204BFB}
		{0E1B0081-E39E-49B3-9F68-1ED312086669} = {737C7723-2D4F-41BE-AF71-6BA99C1DF576}
		{DD7D528F-8302-447E-97C8-AA82972FEBFF} = {0E1B0081-E39E-49B3-9F68-1ED312086669}
	EndGlobalSection
	GlobalSection(ExtensibilityGlobals) = postSolution
		SolutionGuid = {D25FC949-0FC1-48C7-BCFD-D8DD40AD27BB}
	EndGlobalSection
EndGlobal
